// !$*UTF8*$!
{
	archiveVersion = 1;
	classes = {
	};
	objectVersion = 56;
	objects = {

/* Begin PBXBuildFile section */
		080E158A292D021500E2B06B /* AppDelegate.swift in Sources */ = {isa = PBXBuildFile; fileRef = 080E1589292D021500E2B06B /* AppDelegate.swift */; };
		080E158C292D021500E2B06B /* SceneDelegate.swift in Sources */ = {isa = PBXBuildFile; fileRef = 080E158B292D021500E2B06B /* SceneDelegate.swift */; };
		080E158E292D021500E2B06B /* ViewController.swift in Sources */ = {isa = PBXBuildFile; fileRef = 080E158D292D021500E2B06B /* ViewController.swift */; };
		080E1591292D021500E2B06B /* Main.storyboard in Resources */ = {isa = PBXBuildFile; fileRef = 080E158F292D021500E2B06B /* Main.storyboard */; };
		080E1594292D021500E2B06B /* Pilot.xcdatamodeld in Sources */ = {isa = PBXBuildFile; fileRef = 080E1592292D021500E2B06B /* Pilot.xcdatamodeld */; };
		080E1596292D021600E2B06B /* Assets.xcassets in Resources */ = {isa = PBXBuildFile; fileRef = 080E1595292D021600E2B06B /* Assets.xcassets */; };
		080E1599292D021600E2B06B /* LaunchScreen.storyboard in Resources */ = {isa = PBXBuildFile; fileRef = 080E1597292D021600E2B06B /* LaunchScreen.storyboard */; };
		080E15A2292D141F00E2B06B /* DoctorView.swift in Sources */ = {isa = PBXBuildFile; fileRef = 080E15A1292D141F00E2B06B /* DoctorView.swift */; };
		080E15A4292D142400E2B06B /* Patient.swift in Sources */ = {isa = PBXBuildFile; fileRef = 080E15A3292D142400E2B06B /* Patient.swift */; };
		080E15A6292D142B00E2B06B /* Appointment.swift in Sources */ = {isa = PBXBuildFile; fileRef = 080E15A5292D142B00E2B06B /* Appointment.swift */; };
		080E15A8292D144700E2B06B /* MainView.swift in Sources */ = {isa = PBXBuildFile; fileRef = 080E15A7292D144700E2B06B /* MainView.swift */; };
		080E15AA292D19C700E2B06B /* More.swift in Sources */ = {isa = PBXBuildFile; fileRef = 080E15A9292D19C700E2B06B /* More.swift */; };
		080E15AD292D35E500E2B06B /* Doctor.swift in Sources */ = {isa = PBXBuildFile; fileRef = 080E15AC292D35E500E2B06B /* Doctor.swift */; };
		080E15AF292E883700E2B06B /* LoginView.swift in Sources */ = {isa = PBXBuildFile; fileRef = 080E15AE292E883700E2B06B /* LoginView.swift */; };
		080E15B1292E8BE300E2B06B /* RegisterView.swift in Sources */ = {isa = PBXBuildFile; fileRef = 080E15B0292E8BE300E2B06B /* RegisterView.swift */; };
		080E15B3292E988800E2B06B /* CreateDoctorView.swift in Sources */ = {isa = PBXBuildFile; fileRef = 080E15B2292E988800E2B06B /* CreateDoctorView.swift */; };
		080E15B5292E99D000E2B06B /* PetientView.swift in Sources */ = {isa = PBXBuildFile; fileRef = 080E15B4292E99D000E2B06B /* PetientView.swift */; };
		080E15B7292E99EC00E2B06B /* CreatePatientView.swift in Sources */ = {isa = PBXBuildFile; fileRef = 080E15B6292E99EC00E2B06B /* CreatePatientView.swift */; };
		080E15B9292E9A9800E2B06B /* DoctorDetailView.swift in Sources */ = {isa = PBXBuildFile; fileRef = 080E15B8292E9A9800E2B06B /* DoctorDetailView.swift */; };
		080E15BB292E9AA900E2B06B /* PetientDetailView.swift in Sources */ = {isa = PBXBuildFile; fileRef = 080E15BA292E9AA900E2B06B /* PetientDetailView.swift */; };
		080E15BD292EBF4900E2B06B /* SearchView.swift in Sources */ = {isa = PBXBuildFile; fileRef = 080E15BC292EBF4900E2B06B /* SearchView.swift */; };
/* End PBXBuildFile section */

/* Begin PBXFileReference section */
		080E1586292D021500E2B06B /* Pilot.app */ = {isa = PBXFileReference; explicitFileType = wrapper.application; includeInIndex = 0; path = Pilot.app; sourceTree = BUILT_PRODUCTS_DIR; };
		080E1589292D021500E2B06B /* AppDelegate.swift */ = {isa = PBXFileReference; lastKnownFileType = sourcecode.swift; path = AppDelegate.swift; sourceTree = "<group>"; };
		080E158B292D021500E2B06B /* SceneDelegate.swift */ = {isa = PBXFileReference; lastKnownFileType = sourcecode.swift; path = SceneDelegate.swift; sourceTree = "<group>"; };
		080E158D292D021500E2B06B /* ViewController.swift */ = {isa = PBXFileReference; lastKnownFileType = sourcecode.swift; path = ViewController.swift; sourceTree = "<group>"; };
		080E1590292D021500E2B06B /* Base */ = {isa = PBXFileReference; lastKnownFileType = file.storyboard; name = Base; path = Base.lproj/Main.storyboard; sourceTree = "<group>"; };
		080E1593292D021500E2B06B /* Pilot.xcdatamodel */ = {isa = PBXFileReference; lastKnownFileType = wrapper.xcdatamodel; path = Pilot.xcdatamodel; sourceTree = "<group>"; };
		080E1595292D021600E2B06B /* Assets.xcassets */ = {isa = PBXFileReference; lastKnownFileType = folder.assetcatalog; path = Assets.xcassets; sourceTree = "<group>"; };
		080E1598292D021600E2B06B /* Base */ = {isa = PBXFileReference; lastKnownFileType = file.storyboard; name = Base; path = Base.lproj/LaunchScreen.storyboard; sourceTree = "<group>"; };
		080E159A292D021600E2B06B /* Info.plist */ = {isa = PBXFileReference; lastKnownFileType = text.plist.xml; path = Info.plist; sourceTree = "<group>"; };
		080E15A1292D141F00E2B06B /* DoctorView.swift */ = {isa = PBXFileReference; lastKnownFileType = sourcecode.swift; path = DoctorView.swift; sourceTree = "<group>"; };
		080E15A3292D142400E2B06B /* Patient.swift */ = {isa = PBXFileReference; lastKnownFileType = sourcecode.swift; path = Patient.swift; sourceTree = "<group>"; };
		080E15A5292D142B00E2B06B /* Appointment.swift */ = {isa = PBXFileReference; lastKnownFileType = sourcecode.swift; path = Appointment.swift; sourceTree = "<group>"; };
		080E15A7292D144700E2B06B /* MainView.swift */ = {isa = PBXFileReference; lastKnownFileType = sourcecode.swift; path = MainView.swift; sourceTree = "<group>"; };
		080E15A9292D19C700E2B06B /* More.swift */ = {isa = PBXFileReference; lastKnownFileType = sourcecode.swift; path = More.swift; sourceTree = "<group>"; };
		080E15AC292D35E500E2B06B /* Doctor.swift */ = {isa = PBXFileReference; lastKnownFileType = sourcecode.swift; path = Doctor.swift; sourceTree = "<group>"; };
		080E15AE292E883700E2B06B /* LoginView.swift */ = {isa = PBXFileReference; lastKnownFileType = sourcecode.swift; path = LoginView.swift; sourceTree = "<group>"; };
		080E15B0292E8BE300E2B06B /* RegisterView.swift */ = {isa = PBXFileReference; lastKnownFileType = sourcecode.swift; path = RegisterView.swift; sourceTree = "<group>"; };
		080E15B2292E988800E2B06B /* CreateDoctorView.swift */ = {isa = PBXFileReference; lastKnownFileType = sourcecode.swift; path = CreateDoctorView.swift; sourceTree = "<group>"; };
		080E15B4292E99D000E2B06B /* PetientView.swift */ = {isa = PBXFileReference; lastKnownFileType = sourcecode.swift; path = PetientView.swift; sourceTree = "<group>"; };
		080E15B6292E99EC00E2B06B /* CreatePatientView.swift */ = {isa = PBXFileReference; lastKnownFileType = sourcecode.swift; path = CreatePatientView.swift; sourceTree = "<group>"; };
		080E15B8292E9A9800E2B06B /* DoctorDetailView.swift */ = {isa = PBXFileReference; lastKnownFileType = sourcecode.swift; path = DoctorDetailView.swift; sourceTree = "<group>"; };
		080E15BA292E9AA900E2B06B /* PetientDetailView.swift */ = {isa = PBXFileReference; lastKnownFileType = sourcecode.swift; path = PetientDetailView.swift; sourceTree = "<group>"; };
		080E15BC292EBF4900E2B06B /* SearchView.swift */ = {isa = PBXFileReference; lastKnownFileType = sourcecode.swift; path = SearchView.swift; sourceTree = "<group>"; };
/* End PBXFileReference section */

/* Begin PBXFrameworksBuildPhase section */
		080E1583292D021500E2B06B /* Frameworks */ = {
			isa = PBXFrameworksBuildPhase;
			buildActionMask = 2147483647;
			files = (
			);
			runOnlyForDeploymentPostprocessing = 0;
		};
/* End PBXFrameworksBuildPhase section */

/* Begin PBXGroup section */
		080E157D292D021500E2B06B = {
			isa = PBXGroup;
			children = (
				080E1588292D021500E2B06B /* Pilot */,
				080E1587292D021500E2B06B /* Products */,
			);
			sourceTree = "<group>";
		};
		080E1587292D021500E2B06B /* Products */ = {
			isa = PBXGroup;
			children = (
				080E1586292D021500E2B06B /* Pilot.app */,
			);
			name = Products;
			sourceTree = "<group>";
		};
		080E1588292D021500E2B06B /* Pilot */ = {
			isa = PBXGroup;
			children = (
				080E15AB292D35DA00E2B06B /* Model */,
				080E1589292D021500E2B06B /* AppDelegate.swift */,
				080E158B292D021500E2B06B /* SceneDelegate.swift */,
				080E158D292D021500E2B06B /* ViewController.swift */,
				080E158F292D021500E2B06B /* Main.storyboard */,
				080E1595292D021600E2B06B /* Assets.xcassets */,
				080E1597292D021600E2B06B /* LaunchScreen.storyboard */,
				080E159A292D021600E2B06B /* Info.plist */,
				080E1592292D021500E2B06B /* Pilot.xcdatamodeld */,
				080E15A1292D141F00E2B06B /* DoctorView.swift */,
				080E15A3292D142400E2B06B /* Patient.swift */,
				080E15A5292D142B00E2B06B /* Appointment.swift */,
				080E15A7292D144700E2B06B /* MainView.swift */,
				080E15A9292D19C700E2B06B /* More.swift */,
				080E15AE292E883700E2B06B /* LoginView.swift */,
				080E15B0292E8BE300E2B06B /* RegisterView.swift */,
				080E15B2292E988800E2B06B /* CreateDoctorView.swift */,
				080E15B4292E99D000E2B06B /* PetientView.swift */,
				080E15B6292E99EC00E2B06B /* CreatePatientView.swift */,
				080E15B8292E9A9800E2B06B /* DoctorDetailView.swift */,
				080E15BA292E9AA900E2B06B /* PetientDetailView.swift */,
				080E15BC292EBF4900E2B06B /* SearchView.swift */,
			);
			path = Pilot;
			sourceTree = "<group>";
		};
		080E15AB292D35DA00E2B06B /* Model */ = {
			isa = PBXGroup;
			children = (
				080E15AC292D35E500E2B06B /* Doctor.swift */,
			);
			path = Model;
			sourceTree = "<group>";
		};
/* End PBXGroup section */

/* Begin PBXNativeTarget section */
		080E1585292D021500E2B06B /* Pilot */ = {
			isa = PBXNativeTarget;
			buildConfigurationList = 080E159D292D021600E2B06B /* Build configuration list for PBXNativeTarget "Pilot" */;
			buildPhases = (
				080E1582292D021500E2B06B /* Sources */,
				080E1583292D021500E2B06B /* Frameworks */,
				080E1584292D021500E2B06B /* Resources */,
			);
			buildRules = (
			);
			dependencies = (
			);
			name = Pilot;
			productName = Pilot;
			productReference = 080E1586292D021500E2B06B /* Pilot.app */;
			productType = "com.apple.product-type.application";
		};
/* End PBXNativeTarget section */

/* Begin PBXProject section */
		080E157E292D021500E2B06B /* Project object */ = {
			isa = PBXProject;
			attributes = {
				BuildIndependentTargetsInParallel = 1;
				LastSwiftUpdateCheck = 1400;
				LastUpgradeCheck = 1400;
				TargetAttributes = {
					080E1585292D021500E2B06B = {
						CreatedOnToolsVersion = 14.0.1;
					};
				};
			};
			buildConfigurationList = 080E1581292D021500E2B06B /* Build configuration list for PBXProject "Pilot" */;
			compatibilityVersion = "Xcode 14.0";
			developmentRegion = en;
			hasScannedForEncodings = 0;
			knownRegions = (
				en,
				Base,
			);
			mainGroup = 080E157D292D021500E2B06B;
			productRefGroup = 080E1587292D021500E2B06B /* Products */;
			projectDirPath = "";
			projectRoot = "";
			targets = (
				080E1585292D021500E2B06B /* Pilot */,
			);
		};
/* End PBXProject section */

/* Begin PBXResourcesBuildPhase section */
		080E1584292D021500E2B06B /* Resources */ = {
			isa = PBXResourcesBuildPhase;
			buildActionMask = 2147483647;
			files = (
				080E1599292D021600E2B06B /* LaunchScreen.storyboard in Resources */,
				080E1596292D021600E2B06B /* Assets.xcassets in Resources */,
				080E1591292D021500E2B06B /* Main.storyboard in Resources */,
			);
			runOnlyForDeploymentPostprocessing = 0;
		};
/* End PBXResourcesBuildPhase section */

/* Begin PBXSourcesBuildPhase section */
		080E1582292D021500E2B06B /* Sources */ = {
			isa = PBXSourcesBuildPhase;
			buildActionMask = 2147483647;
			files = (
				080E15B5292E99D000E2B06B /* PetientView.swift in Sources */,
				080E15B3292E988800E2B06B /* CreateDoctorView.swift in Sources */,
				080E158E292D021500E2B06B /* ViewController.swift in Sources */,
				080E15AA292D19C700E2B06B /* More.swift in Sources */,
				080E15A8292D144700E2B06B /* MainView.swift in Sources */,
				080E15A2292D141F00E2B06B /* DoctorView.swift in Sources */,
				080E158A292D021500E2B06B /* AppDelegate.swift in Sources */,
				080E1594292D021500E2B06B /* Pilot.xcdatamodeld in Sources */,
				080E15AD292D35E500E2B06B /* Doctor.swift in Sources */,
				080E158C292D021500E2B06B /* SceneDelegate.swift in Sources */,
				080E15BD292EBF4900E2B06B /* SearchView.swift in Sources */,
				080E15B9292E9A9800E2B06B /* DoctorDetailView.swift in Sources */,
				080E15AF292E883700E2B06B /* LoginView.swift in Sources */,
				080E15BB292E9AA900E2B06B /* PetientDetailView.swift in Sources */,
				080E15B7292E99EC00E2B06B /* CreatePatientView.swift in Sources */,
				080E15B1292E8BE300E2B06B /* RegisterView.swift in Sources */,
				080E15A6292D142B00E2B06B /* Appointment.swift in Sources */,
				080E15A4292D142400E2B06B /* Patient.swift in Sources */,
			);
			runOnlyForDeploymentPostprocessing = 0;
		};
/* End PBXSourcesBuildPhase section */

/* Begin PBXVariantGroup section */
		080E158F292D021500E2B06B /* Main.storyboard */ = {
			isa = PBXVariantGroup;
			children = (
				080E1590292D021500E2B06B /* Base */,
			);
			name = Main.storyboard;
			sourceTree = "<group>";
		};
		080E1597292D021600E2B06B /* LaunchScreen.storyboard */ = {
			isa = PBXVariantGroup;
			children = (
				080E1598292D021600E2B06B /* Base */,
			);
			name = LaunchScreen.storyboard;
			sourceTree = "<group>";
		};
/* End PBXVariantGroup section */

/* Begin XCBuildConfiguration section */
		080E159B292D021600E2B06B /* Debug */ = {
			isa = XCBuildConfiguration;
			buildSettings = {
				ALWAYS_SEARCH_USER_PATHS = NO;
				CLANG_ANALYZER_NONNULL = YES;
				CLANG_ANALYZER_NUMBER_OBJECT_CONVERSION = YES_AGGRESSIVE;
				CLANG_CXX_LANGUAGE_STANDARD = "gnu++20";
				CLANG_ENABLE_MODULES = YES;
				CLANG_ENABLE_OBJC_ARC = YES;
				CLANG_ENABLE_OBJC_WEAK = YES;
				CLANG_WARN_BLOCK_CAPTURE_AUTORELEASING = YES;
				CLANG_WARN_BOOL_CONVERSION = YES;
				CLANG_WARN_COMMA = YES;
				CLANG_WARN_CONSTANT_CONVERSION = YES;
				CLANG_WARN_DEPRECATED_OBJC_IMPLEMENTATIONS = YES;
				CLANG_WARN_DIRECT_OBJC_ISA_USAGE = YES_ERROR;
				CLANG_WARN_DOCUMENTATION_COMMENTS = YES;
				CLANG_WARN_EMPTY_BODY = YES;
				CLANG_WARN_ENUM_CONVERSION = YES;
				CLANG_WARN_INFINITE_RECURSION = YES;
				CLANG_WARN_INT_CONVERSION = YES;
				CLANG_WARN_NON_LITERAL_NULL_CONVERSION = YES;
				CLANG_WARN_OBJC_IMPLICIT_RETAIN_SELF = YES;
				CLANG_WARN_OBJC_LITERAL_CONVERSION = YES;
				CLANG_WARN_OBJC_ROOT_CLASS = YES_ERROR;
				CLANG_WARN_QUOTED_INCLUDE_IN_FRAMEWORK_HEADER = YES;
				CLANG_WARN_RANGE_LOOP_ANALYSIS = YES;
				CLANG_WARN_STRICT_PROTOTYPES = YES;
				CLANG_WARN_SUSPICIOUS_MOVE = YES;
				CLANG_WARN_UNGUARDED_AVAILABILITY = YES_AGGRESSIVE;
				CLANG_WARN_UNREACHABLE_CODE = YES;
				CLANG_WARN__DUPLICATE_METHOD_MATCH = YES;
				COPY_PHASE_STRIP = NO;
				DEBUG_INFORMATION_FORMAT = dwarf;
				ENABLE_STRICT_OBJC_MSGSEND = YES;
				ENABLE_TESTABILITY = YES;
				GCC_C_LANGUAGE_STANDARD = gnu11;
				GCC_DYNAMIC_NO_PIC = NO;
				GCC_NO_COMMON_BLOCKS = YES;
				GCC_OPTIMIZATION_LEVEL = 0;
				GCC_PREPROCESSOR_DEFINITIONS = (
					"DEBUG=1",
					"$(inherited)",
				);
				GCC_WARN_64_TO_32_BIT_CONVERSION = YES;
				GCC_WARN_ABOUT_RETURN_TYPE = YES_ERROR;
				GCC_WARN_UNDECLARED_SELECTOR = YES;
				GCC_WARN_UNINITIALIZED_AUTOS = YES_AGGRESSIVE;
				GCC_WARN_UNUSED_FUNCTION = YES;
				GCC_WARN_UNUSED_VARIABLE = YES;
				IPHONEOS_DEPLOYMENT_TARGET = 16.0;
				MTL_ENABLE_DEBUG_INFO = INCLUDE_SOURCE;
				MTL_FAST_MATH = YES;
				ONLY_ACTIVE_ARCH = YES;
				SDKROOT = iphoneos;
				SWIFT_ACTIVE_COMPILATION_CONDITIONS = DEBUG;
				SWIFT_OPTIMIZATION_LEVEL = "-Onone";
			};
			name = Debug;
		};
		080E159C292D021600E2B06B /* Release */ = {
			isa = XCBuildConfiguration;
			buildSettings = {
				ALWAYS_SEARCH_USER_PATHS = NO;
				CLANG_ANALYZER_NONNULL = YES;
				CLANG_ANALYZER_NUMBER_OBJECT_CONVERSION = YES_AGGRESSIVE;
				CLANG_CXX_LANGUAGE_STANDARD = "gnu++20";
				CLANG_ENABLE_MODULES = YES;
				CLANG_ENABLE_OBJC_ARC = YES;
				CLANG_ENABLE_OBJC_WEAK = YES;
				CLANG_WARN_BLOCK_CAPTURE_AUTORELEASING = YES;
				CLANG_WARN_BOOL_CONVERSION = YES;
				CLANG_WARN_COMMA = YES;
				CLANG_WARN_CONSTANT_CONVERSION = YES;
				CLANG_WARN_DEPRECATED_OBJC_IMPLEMENTATIONS = YES;
				CLANG_WARN_DIRECT_OBJC_ISA_USAGE = YES_ERROR;
				CLANG_WARN_DOCUMENTATION_COMMENTS = YES;
				CLANG_WARN_EMPTY_BODY = YES;
				CLANG_WARN_ENUM_CONVERSION = YES;
				CLANG_WARN_INFINITE_RECURSION = YES;
				CLANG_WARN_INT_CONVERSION = YES;
				CLANG_WARN_NON_LITERAL_NULL_CONVERSION = YES;
				CLANG_WARN_OBJC_IMPLICIT_RETAIN_SELF = YES;
				CLANG_WARN_OBJC_LITERAL_CONVERSION = YES;
				CLANG_WARN_OBJC_ROOT_CLASS = YES_ERROR;
				CLANG_WARN_QUOTED_INCLUDE_IN_FRAMEWORK_HEADER = YES;
				CLANG_WARN_RANGE_LOOP_ANALYSIS = YES;
				CLANG_WARN_STRICT_PROTOTYPES = YES;
				CLANG_WARN_SUSPICIOUS_MOVE = YES;
				CLANG_WARN_UNGUARDED_AVAILABILITY = YES_AGGRESSIVE;
				CLANG_WARN_UNREACHABLE_CODE = YES;
				CLANG_WARN__DUPLICATE_METHOD_MATCH = YES;
				COPY_PHASE_STRIP = NO;
				DEBUG_INFORMATION_FORMAT = "dwarf-with-dsym";
				ENABLE_NS_ASSERTIONS = NO;
				ENABLE_STRICT_OBJC_MSGSEND = YES;
				GCC_C_LANGUAGE_STANDARD = gnu11;
				GCC_NO_COMMON_BLOCKS = YES;
				GCC_WARN_64_TO_32_BIT_CONVERSION = YES;
				GCC_WARN_ABOUT_RETURN_TYPE = YES_ERROR;
				GCC_WARN_UNDECLARED_SELECTOR = YES;
				GCC_WARN_UNINITIALIZED_AUTOS = YES_AGGRESSIVE;
				GCC_WARN_UNUSED_FUNCTION = YES;
				GCC_WARN_UNUSED_VARIABLE = YES;
				IPHONEOS_DEPLOYMENT_TARGET = 16.0;
				MTL_ENABLE_DEBUG_INFO = NO;
				MTL_FAST_MATH = YES;
				SDKROOT = iphoneos;
				SWIFT_COMPILATION_MODE = wholemodule;
				SWIFT_OPTIMIZATION_LEVEL = "-O";
				VALIDATE_PRODUCT = YES;
			};
			name = Release;
		};
		080E159E292D021600E2B06B /* Debug */ = {
			isa = XCBuildConfiguration;
			buildSettings = {
				ASSETCATALOG_COMPILER_APPICON_NAME = AppIcon;
				ASSETCATALOG_COMPILER_GLOBAL_ACCENT_COLOR_NAME = AccentColor;
				CODE_SIGN_STYLE = Automatic;
				CURRENT_PROJECT_VERSION = 1;
				DEVELOPMENT_TEAM = A97JM4532B;
				GENERATE_INFOPLIST_FILE = YES;
				INFOPLIST_FILE = Pilot/Info.plist;
				INFOPLIST_KEY_UIApplicationSupportsIndirectInputEvents = YES;
				INFOPLIST_KEY_UILaunchStoryboardName = LaunchScreen;
				INFOPLIST_KEY_UIMainStoryboardFile = Main;
				INFOPLIST_KEY_UISupportedInterfaceOrientations_iPad = "UIInterfaceOrientationPortrait UIInterfaceOrientationPortraitUpsideDown UIInterfaceOrientationLandscapeLeft UIInterfaceOrientationLandscapeRight";
				INFOPLIST_KEY_UISupportedInterfaceOrientations_iPhone = "UIInterfaceOrientationPortrait UIInterfaceOrientationLandscapeLeft UIInterfaceOrientationLandscapeRight";
				LD_RUNPATH_SEARCH_PATHS = (
					"$(inherited)",
					"@executable_path/Frameworks",
				);
				MARKETING_VERSION = 1.0;
				PRODUCT_BUNDLE_IDENTIFIER = sssdsd.Pilot;
				PRODUCT_NAME = "$(TARGET_NAME)";
				SWIFT_EMIT_LOC_STRINGS = YES;
				SWIFT_VERSION = 5.0;
				TARGETED_DEVICE_FAMILY = "1,2";
			};
			name = Debug;
		};
		080E159F292D021600E2B06B /* Release */ = {
			isa = XCBuildConfiguration;
			buildSettings = {
				ASSETCATALOG_COMPILER_APPICON_NAME = AppIcon;
				ASSETCATALOG_COMPILER_GLOBAL_ACCENT_COLOR_NAME = AccentColor;
				CODE_SIGN_STYLE = Automatic;
				CURRENT_PROJECT_VERSION = 1;
				DEVELOPMENT_TEAM = A97JM4532B;
				GENERATE_INFOPLIST_FILE = YES;
				INFOPLIST_FILE = Pilot/Info.plist;
				INFOPLIST_KEY_UIApplicationSupportsIndirectInputEvents = YES;
				INFOPLIST_KEY_UILaunchStoryboardName = LaunchScreen;
				INFOPLIST_KEY_UIMainStoryboardFile = Main;
				INFOPLIST_KEY_UISupportedInterfaceOrientations_iPad = "UIInterfaceOrientationPortrait UIInterfaceOrientationPortraitUpsideDown UIInterfaceOrientationLandscapeLeft UIInterfaceOrientationLandscapeRight";
				INFOPLIST_KEY_UISupportedInterfaceOrientations_iPhone = "UIInterfaceOrientationPortrait UIInterfaceOrientationLandscapeLeft UIInterfaceOrientationLandscapeRight";
				LD_RUNPATH_SEARCH_PATHS = (
					"$(inherited)",
					"@executable_path/Frameworks",
				);
				MARKETING_VERSION = 1.0;
				PRODUCT_BUNDLE_IDENTIFIER = sssdsd.Pilot;
				PRODUCT_NAME = "$(TARGET_NAME)";
				SWIFT_EMIT_LOC_STRINGS = YES;
				SWIFT_VERSION = 5.0;
				TARGETED_DEVICE_FAMILY = "1,2";
			};
			name = Release;
		};
/* End XCBuildConfiguration section */

/* Begin XCConfigurationList section */
		080E1581292D021500E2B06B /* Build configuration list for PBXProject "Pilot" */ = {
			isa = XCConfigurationList;
			buildConfigurations = (
				080E159B292D021600E2B06B /* Debug */,
				080E159C292D021600E2B06B /* Release */,
			);
			defaultConfigurationIsVisible = 0;
			defaultConfigurationName = Release;
		};
		080E159D292D021600E2B06B /* Build configuration list for PBXNativeTarget "Pilot" */ = {
			isa = XCConfigurationList;
			buildConfigurations = (
				080E159E292D021600E2B06B /* Debug */,
				080E159F292D021600E2B06B /* Release */,
			);
			defaultConfigurationIsVisible = 0;
			defaultConfigurationName = Release;
		};
/* End XCConfigurationList section */

/* Begin XCVersionGroup section */
		080E1592292D021500E2B06B /* Pilot.xcdatamodeld */ = {
			isa = XCVersionGroup;
			children = (
				080E1593292D021500E2B06B /* Pilot.xcdatamodel */,
			);
			currentVersion = 080E1593292D021500E2B06B /* Pilot.xcdatamodel */;
			path = Pilot.xcdatamodeld;
			sourceTree = "<group>";
			versionGroupType = wrapper.xcdatamodel;
		};
/* End XCVersionGroup section */
	};
	rootObject = 080E157E292D021500E2B06B /* Project object */;
}
